name: 'Lock Threads'

on:
  schedule:
    - cron: '0 0 * * *'

jobs:
  lock:
    runs-on: ubuntu-latest
    steps:
      - uses: dessant/lock-threads@v5
        with:
          github-token: ${{ github.token }}
          issue-inactive-days: '14'
          issue-comment: >
            This issue has been automatically locked. If you believe you have
            found a related problem, please file a new issue (with a reprex:
            <https://reprex.tidyverse.org>) and link to this issue.
          issue-lock-reason: ''
          pr-inactive-days: '14'
          pr-comment: >
            This pull request has been automatically locked. If you believe you
            have found a related problem, please file a new issue (with a reprex:
            <https://reprex.tidyverse.org>) and link to this issue.
